{
  "name": "archie-participant",
  "version": "0.1.0",
  "lockfileVersion": 3,
  "requires": true,
  "packages": {
    "": {
      "name": "archie-participant",
      "version": "0.1.0",
      "license": "ISC",
      "bin": {
        "archie": "bin/participant",
        "participant": "bin/participant",
        "participant-desktop": "bin/participant-desktop"
      },
      "engines": {
        "node": ">=18"
      }
    }
  }
}
